
Microsoft Visual Studio Solution File, Format Version 12.00
# Visual Studio Version 17
VisualStudioVersion = 17.3.32929.385
MinimumVisualStudioVersion = 10.0.40219.1
Project("{FAE04EC0-301F-11D3-BF4B-00C04F79EFBC}") = "Bai3", "Bai3.csproj", "{B88D5EAF-3CAD-406D-97A2-4ADAC18167A0}"
EndProject
Global
	GlobalSection(SolutionConfigurationPlatforms) = preSolution
		Debug|Any CPU = Debug|Any CPU
		Release|Any CPU = Release|Any CPU
	EndGlobalSection
	GlobalSection(ProjectConfigurationPlatforms) = postSolution
		{B88D5EAF-3CAD-406D-97A2-4ADAC18167A0}.Debug|Any CPU.ActiveCfg = Debug|Any CPU
		{B88D5EAF-3CAD-406D-97A2-4ADAC18167A0}.Debug|Any CPU.Build.0 = Debug|Any CPU
		{B88D5EAF-3CAD-406D-97A2-4ADAC18167A0}.Release|Any CPU.ActiveCfg = Release|Any CPU
		{B88D5EAF-3CAD-406D-97A2-4ADAC18167A0}.Release|Any CPU.Build.0 = Release|Any CPU
	EndGlobalSection
	GlobalSection(SolutionProperties) = preSolution
		HideSolutionNode = FALSE
	EndGlobalSection
	GlobalSection(ExtensibilityGlobals) = postSolution
		SolutionGuid = {307AB865-D906-4927-B841-15B8924C2102}
	EndGlobalSection
EndGlobal
